
Microsoft Visual Studio Solution File, Format Version 12.00
# Visual Studio Version 17
VisualStudioVersion = 17.8.34330.188
MinimumVisualStudioVersion = 10.0.40219.1
Project("{00D1A9C2-B5F0-4AF3-8072-F6C62B433612}") = "MoneyBudgetsDB", "MoneyBudgetsDB.sqlproj", "{8170C632-B798-44AF-8BD8-3A0C168A38DD}"
EndProject
Global
	GlobalSection(SolutionConfigurationPlatforms) = preSolution
		Debug|Any CPU = Debug|Any CPU
		Release|Any CPU = Release|Any CPU
	EndGlobalSection
	GlobalSection(ProjectConfigurationPlatforms) = postSolution
		{8170C632-B798-44AF-8BD8-3A0C168A38DD}.Debug|Any CPU.ActiveCfg = Debug|Any CPU
		{8170C632-B798-44AF-8BD8-3A0C168A38DD}.Debug|Any CPU.Build.0 = Debug|Any CPU
		{8170C632-B798-44AF-8BD8-3A0C168A38DD}.Debug|Any CPU.Deploy.0 = Debug|Any CPU
		{8170C632-B798-44AF-8BD8-3A0C168A38DD}.Release|Any CPU.ActiveCfg = Release|Any CPU
		{8170C632-B798-44AF-8BD8-3A0C168A38DD}.Release|Any CPU.Build.0 = Release|Any CPU
		{8170C632-B798-44AF-8BD8-3A0C168A38DD}.Release|Any CPU.Deploy.0 = Release|Any CPU
	EndGlobalSection
	GlobalSection(SolutionProperties) = preSolution
		HideSolutionNode = FALSE
	EndGlobalSection
	GlobalSection(ExtensibilityGlobals) = postSolution
		SolutionGuid = {679EFEE7-72ED-4B9E-878E-8364EE343E7D}
	EndGlobalSection
EndGlobal
