
Microsoft Visual Studio Solution File, Format Version 12.00
# Visual Studio Version 17
VisualStudioVersion = 17.7.34221.43
MinimumVisualStudioVersion = 10.0.40219.1
Project("{FAE04EC0-301F-11D3-BF4B-00C04F79EFBC}") = "MoneyBudgets", "MoneyBudgets.csproj", "{2EAB83E5-354D-4EA2-89AD-DEEAACE17429}"
EndProject
Global
	GlobalSection(SolutionConfigurationPlatforms) = preSolution
		Debug|Any CPU = Debug|Any CPU
		Release|Any CPU = Release|Any CPU
	EndGlobalSection
	GlobalSection(ProjectConfigurationPlatforms) = postSolution
		{2EAB83E5-354D-4EA2-89AD-DEEAACE17429}.Debug|Any CPU.ActiveCfg = Debug|Any CPU
		{2EAB83E5-354D-4EA2-89AD-DEEAACE17429}.Debug|Any CPU.Build.0 = Debug|Any CPU
		{2EAB83E5-354D-4EA2-89AD-DEEAACE17429}.Release|Any CPU.ActiveCfg = Release|Any CPU
		{2EAB83E5-354D-4EA2-89AD-DEEAACE17429}.Release|Any CPU.Build.0 = Release|Any CPU
	EndGlobalSection
	GlobalSection(SolutionProperties) = preSolution
		HideSolutionNode = FALSE
	EndGlobalSection
	GlobalSection(ExtensibilityGlobals) = postSolution
		SolutionGuid = {A6887425-14E7-46BC-825F-D7C49CE6EEF4}
	EndGlobalSection
EndGlobal
